{
  "nodes": {
    "flake-utils": {
      "locked": {
        "lastModified": 1659877975,
        "narHash": "sha256-zllb8aq3YO3h8B/U0/J1WBgAL8EX5yWf5pMj3G0NAmc=",
        "owner": "numtide",
        "repo": "flake-utils",
        "rev": "c0e246b9b83f637f4681389ecabcb2681b4f3af0",
        "type": "github"
      },
      "original": {
        "owner": "numtide",
        "repo": "flake-utils",
        "type": "github"
      }
    },
    "nixpkgs": {
      "locked": {
        "lastModified": 1677342105,
        "narHash": "sha256-kv1fpkfCJGb0M+LZaCHFUuIS9kRIwyVgupHu86Y28nc=",
        "owner": "NixOS",
        "repo": "nixpkgs",
        "rev": "b1f87ca164a9684404c8829b851c3586c4d9f089",
        "type": "github"
      },
      "original": {
        "owner": "NixOS",
        "ref": "nixos-unstable",
        "repo": "nixpkgs",
        "type": "github"
      }
    },
    "root": {
      "inputs": {
        "nixpkgs": "nixpkgs",
        "rust-overlay": "rust-overlay"
      }
    },
    "rust-overlay": {
      "inputs": {
        "flake-utils": "flake-utils",
        "nixpkgs": [
          "nixpkgs"
        ]
      },
      "locked": {
        "lastModified": 1677378820,
        "narHash": "sha256-sPAy+1pruD1DMiFePkzZoVEi+0wNs7h/a0vIj2d++ck=",
        "owner": "oxalica",
        "repo": "rust-overlay",
        "rev": "603d1da90298cd5746731f58899fd1bdde9afcfb",
        "type": "github"
      },
      "original": {
        "owner": "oxalica",
        "repo": "rust-overlay",
        "type": "github"
      }
    }
  },
  "root": "root",
  "version": 7
}
