{
  "nodes": {
    "flake-utils": {
      "locked": {
        "lastModified": 1637014545,
        "narHash": "sha256-26IZAc5yzlD9FlDT54io1oqG/bBoyka+FJk5guaX4x4=",
        "owner": "numtide",
        "repo": "flake-utils",
        "rev": "bba5dcc8e0b20ab664967ad83d24d64cb64ec4f4",
        "type": "github"
      },
      "original": {
        "owner": "numtide",
        "repo": "flake-utils",
        "type": "github"
      }
    },
    "nixpkgs": {
      "locked": {
        "lastModified": 1639966735,
        "narHash": "sha256-FmVGFiyqE+pjQUTCTY0H75hqrnBnbEf3VVRB4dsd4KI=",
        "owner": "NixOS",
        "repo": "nixpkgs",
        "rev": "d87b72206aadebe6722944f541f55d33fd7046fb",
        "type": "github"
      },
      "original": {
        "owner": "NixOS",
        "ref": "nixos-unstable",
        "repo": "nixpkgs",
        "type": "github"
      }
    },
    "root": {
      "inputs": {
        "nixpkgs": "nixpkgs",
        "rust-overlay": "rust-overlay"
      }
    },
    "rust-overlay": {
      "inputs": {
        "flake-utils": "flake-utils",
        "nixpkgs": [
          "nixpkgs"
        ]
      },
      "locked": {
        "lastModified": 1640054439,
        "narHash": "sha256-BoMzDuSD6e86Wk4cTmOJ1Qgsc1Tuae+7yHU1YH9wWtE=",
        "owner": "oxalica",
        "repo": "rust-overlay",
        "rev": "4c25eaf1409e0ff252e4cccbde5c9eebd84640b4",
        "type": "github"
      },
      "original": {
        "owner": "oxalica",
        "repo": "rust-overlay",
        "type": "github"
      }
    }
  },
  "root": "root",
  "version": 7
}
