{
  "nodes": {
    "flake-utils": {
      "locked": {
        "lastModified": 1637014545,
        "narHash": "sha256-26IZAc5yzlD9FlDT54io1oqG/bBoyka+FJk5guaX4x4=",
        "owner": "numtide",
        "repo": "flake-utils",
        "rev": "bba5dcc8e0b20ab664967ad83d24d64cb64ec4f4",
        "type": "github"
      },
      "original": {
        "owner": "numtide",
        "repo": "flake-utils",
        "type": "github"
      }
    },
    "nixpkgs": {
      "locked": {
        "lastModified": 1643651835,
        "narHash": "sha256-hXwy6tIdG2JDLjHwWvh2L4d1gvYCX1CGgABhhZ/GC14=",
        "owner": "NixOS",
        "repo": "nixpkgs",
        "rev": "3c1cc587129ba8ebc691ada822c0031880dd16a6",
        "type": "github"
      },
      "original": {
        "owner": "NixOS",
        "repo": "nixpkgs",
        "rev": "3c1cc587129ba8ebc691ada822c0031880dd16a6",
        "type": "github"
      }
    },
    "root": {
      "inputs": {
        "nixpkgs": "nixpkgs",
        "rust-overlay": "rust-overlay"
      }
    },
    "rust-overlay": {
      "inputs": {
        "flake-utils": "flake-utils",
        "nixpkgs": [
          "nixpkgs"
        ]
      },
      "locked": {
        "lastModified": 1647656634,
        "narHash": "sha256-f3VQSat3L2ObJm7DDr72HFCa9e7WAjKPqW70o2Bb7pg=",
        "owner": "oxalica",
        "repo": "rust-overlay",
        "rev": "a21c163919cd90dd67bcd03345fac5441e53cccc",
        "type": "github"
      },
      "original": {
        "owner": "oxalica",
        "repo": "rust-overlay",
        "type": "github"
      }
    }
  },
  "root": "root",
  "version": 7
}
